
Microsoft Visual Studio Solution File, Format Version 12.00
# Visual Studio Version 17
VisualStudioVersion = 17.4.33205.214
MinimumVisualStudioVersion = 10.0.40219.1
Project("{9A19103F-16F7-4668-BE54-9A1E7A4F7556}") = "UserManagement", "UserManagement\UserManagement.csproj", "{A993D4F1-20C0-42D6-AE48-D964FB0376B2}"
EndProject
Project("{9A19103F-16F7-4668-BE54-9A1E7A4F7556}") = "Common", "Common\Common.csproj", "{5E77A235-1C02-4DD5-9843-62D2A62AB861}"
EndProject
Project("{9A19103F-16F7-4668-BE54-9A1E7A4F7556}") = "OcelotGateway", "OcelotGateway\OcelotGateway.csproj", "{4DB50F00-B4C9-4C40-8D1D-7C32824B9161}"
EndProject
Project("{FAE04EC0-301F-11D3-BF4B-00C04F79EFBC}") = "ShopManagement", "ShopManagement\ShopManagement.csproj", "{63123686-9300-45F3-943D-1C0A9CEEA3E5}"
EndProject
Global
	GlobalSection(SolutionConfigurationPlatforms) = preSolution
		Debug|Any CPU = Debug|Any CPU
		Release|Any CPU = Release|Any CPU
	EndGlobalSection
	GlobalSection(ProjectConfigurationPlatforms) = postSolution
		{A993D4F1-20C0-42D6-AE48-D964FB0376B2}.Debug|Any CPU.ActiveCfg = Debug|Any CPU
		{A993D4F1-20C0-42D6-AE48-D964FB0376B2}.Debug|Any CPU.Build.0 = Debug|Any CPU
		{A993D4F1-20C0-42D6-AE48-D964FB0376B2}.Release|Any CPU.ActiveCfg = Release|Any CPU
		{A993D4F1-20C0-42D6-AE48-D964FB0376B2}.Release|Any CPU.Build.0 = Release|Any CPU
		{5E77A235-1C02-4DD5-9843-62D2A62AB861}.Debug|Any CPU.ActiveCfg = Debug|Any CPU
		{5E77A235-1C02-4DD5-9843-62D2A62AB861}.Debug|Any CPU.Build.0 = Debug|Any CPU
		{5E77A235-1C02-4DD5-9843-62D2A62AB861}.Release|Any CPU.ActiveCfg = Release|Any CPU
		{5E77A235-1C02-4DD5-9843-62D2A62AB861}.Release|Any CPU.Build.0 = Release|Any CPU
		{4DB50F00-B4C9-4C40-8D1D-7C32824B9161}.Debug|Any CPU.ActiveCfg = Debug|Any CPU
		{4DB50F00-B4C9-4C40-8D1D-7C32824B9161}.Debug|Any CPU.Build.0 = Debug|Any CPU
		{4DB50F00-B4C9-4C40-8D1D-7C32824B9161}.Release|Any CPU.ActiveCfg = Release|Any CPU
		{4DB50F00-B4C9-4C40-8D1D-7C32824B9161}.Release|Any CPU.Build.0 = Release|Any CPU
		{63123686-9300-45F3-943D-1C0A9CEEA3E5}.Debug|Any CPU.ActiveCfg = Debug|Any CPU
		{63123686-9300-45F3-943D-1C0A9CEEA3E5}.Debug|Any CPU.Build.0 = Debug|Any CPU
		{63123686-9300-45F3-943D-1C0A9CEEA3E5}.Release|Any CPU.ActiveCfg = Release|Any CPU
		{63123686-9300-45F3-943D-1C0A9CEEA3E5}.Release|Any CPU.Build.0 = Release|Any CPU
	EndGlobalSection
	GlobalSection(SolutionProperties) = preSolution
		HideSolutionNode = FALSE
	EndGlobalSection
	GlobalSection(ExtensibilityGlobals) = postSolution
		SolutionGuid = {DD945FC4-9C98-4CC0-81F7-A8D6C04B5D72}
	EndGlobalSection
EndGlobal
